[{<<"cowboy">>,
  {git,"https://github.com/ninenines/cowboy.git",
       {ref,"dbb636034f20736e16eb9d6c809217c9525b6cbd"}},
  0},
 {<<"cowlib">>,
  {git,"https://github.com/ninenines/cowlib",
       {ref,"b5d5d674b160433f9ddf18e5b034cceb8f2bdab4"}},
  1},
 {<<"erl_ip4_utils">>,
  {git,"https://github.com/kradalby/erl_ip4_utils.git",
       {ref,"d09ef0b2951ce150d34a34b064d30368f1bb8929"}},
  0},
 {<<"erlsrcds">>,
  {git,"https://github.com/kradalby/erlsrcds.git",
       {ref,"f93996e664e93626a2b87479cb4996b647d1ef5e"}},
  0},
 {<<"gen_icmp">>,
  {git,"https://github.com/kradalby/gen_icmp.git",
       {ref,"227b237798603aa5a71c3c5c83afd584383df050"}},
  0},
 {<<"pkt">>,
  {git,"git://github.com/msantos/pkt.git",
       {ref,"8dd994caf48b22ebf18d0e7257a3d19ef9c8d9ee"}},
  1},
 {<<"procket">>,
  {git,"git://github.com/msantos/procket.git",
       {ref,"2c784fef1429030b70ba9260c7d541f9948001e0"}},
  1},
 {<<"ranch">>,
  {git,"https://github.com/ninenines/ranch",
       {ref,"741bfb73ca663394ecf7a73410506d66f01985a6"}},
  1}].
