[{<<"cowboy">>,
  {git,"https://github.com/ninenines/cowboy.git",
       {ref,"dbb636034f20736e16eb9d6c809217c9525b6cbd"}},
  0},
 {<<"cowlib">>,
  {git,"https://github.com/ninenines/cowlib",
       {ref,"b5d5d674b160433f9ddf18e5b034cceb8f2bdab4"}},
  1},
 {<<"erl_ip4_utils">>,
  {git,"https://github.com/kradalby/erl_ip4_utils.git",
       {ref,"87e31a98e7dfdb087b243e75d126b0ab0c200ab5"}},
  0},
 {<<"erlsrcds">>,
  {git,"https://github.com/kradalby/erlsrcds.git",
       {ref,"f93996e664e93626a2b87479cb4996b647d1ef5e"}},
  0},
 {<<"gen_icmp">>,
  {git,"https://github.com/msantos/gen_icmp.git",
       {ref,"dc126ca50c07ea5c497288ab76447517b8c27e06"}},
  0},
 {<<"jiffy">>,
  {git,"https://github.com/davisp/jiffy.git",
       {ref,"1febce3ca86c5ca5d5a3618ed3d5f125bb99e4c5"}},
  0},
 {<<"pkt">>,
  {git,"git://github.com/msantos/pkt.git",
       {ref,"2961847d8206236d5a76bd0684bde337368c6a98"}},
  1},
 {<<"procket">>,
  {git,"git://github.com/msantos/procket.git",
       {ref,"2c784fef1429030b70ba9260c7d541f9948001e0"}},
  1},
 {<<"ranch">>,
  {git,"https://github.com/ninenines/ranch",
       {ref,"741bfb73ca663394ecf7a73410506d66f01985a6"}},
  1}].
