[{<<"cowboy">>,
  {git,"https://github.com/ninenines/cowboy.git",
       {ref,"dbb636034f20736e16eb9d6c809217c9525b6cbd"}},
  0},
 {<<"cowlib">>,
  {git,"https://github.com/ninenines/cowlib",
       {ref,"b5d5d674b160433f9ddf18e5b034cceb8f2bdab4"}},
  1},
 {<<"erlsrcds">>,
  {git,"https://github.com/kradalby/erlsrcds.git",
       {ref,"f93996e664e93626a2b87479cb4996b647d1ef5e"}},
  0},
 {<<"ranch">>,
  {git,"https://github.com/ninenines/ranch",
       {ref,"741bfb73ca663394ecf7a73410506d66f01985a6"}},
  1}].
